
Microsoft Visual Studio Solution File, Format Version 12.00
# Visual Studio Version 17
VisualStudioVersion = 17.3.32901.215
MinimumVisualStudioVersion = 10.0.40219.1
Project("{FAE04EC0-301F-11D3-BF4B-00C04F79EFBC}") = "otoYikama", "otoYikama\otoYikama.csproj", "{A43AE788-AF89-4DEF-8D72-878D65C063FA}"
EndProject
Global
	GlobalSection(SolutionConfigurationPlatforms) = preSolution
		Debug|Any CPU = Debug|Any CPU
		Release|Any CPU = Release|Any CPU
	EndGlobalSection
	GlobalSection(ProjectConfigurationPlatforms) = postSolution
		{A43AE788-AF89-4DEF-8D72-878D65C063FA}.Debug|Any CPU.ActiveCfg = Debug|Any CPU
		{A43AE788-AF89-4DEF-8D72-878D65C063FA}.Debug|Any CPU.Build.0 = Debug|Any CPU
		{A43AE788-AF89-4DEF-8D72-878D65C063FA}.Release|Any CPU.ActiveCfg = Release|Any CPU
		{A43AE788-AF89-4DEF-8D72-878D65C063FA}.Release|Any CPU.Build.0 = Release|Any CPU
	EndGlobalSection
	GlobalSection(SolutionProperties) = preSolution
		HideSolutionNode = FALSE
	EndGlobalSection
	GlobalSection(ExtensibilityGlobals) = postSolution
		SolutionGuid = {12D66EE6-6EEC-4D79-B283-D7D2FB892F6D}
	EndGlobalSection
EndGlobal
